
Microsoft Visual Studio Solution File, Format Version 12.00
# Visual Studio Version 16
VisualStudioVersion = 16.0.29201.188
MinimumVisualStudioVersion = 10.0.40219.1
Project("{54435603-DBB4-11D2-8724-00A0C9A8B90C}") = "MusicRelaySetup", "MusicRelaySetup\MusicRelaySetup.vdproj", "{746A1F0F-05A8-45CF-A561-F29543C4553E}"
EndProject
Project("{FAE04EC0-301F-11D3-BF4B-00C04F79EFBC}") = "MusicRelay", "MusicRelay\MusicRelay.csproj", "{206B6933-D7E7-47C1-B5C0-C4AAB2640303}"
EndProject
Global
	GlobalSection(SolutionConfigurationPlatforms) = preSolution
		Debug|Any CPU = Debug|Any CPU
		Release|Any CPU = Release|Any CPU
	EndGlobalSection
	GlobalSection(ProjectConfigurationPlatforms) = postSolution
		{746A1F0F-05A8-45CF-A561-F29543C4553E}.Debug|Any CPU.ActiveCfg = Debug
		{746A1F0F-05A8-45CF-A561-F29543C4553E}.Release|Any CPU.ActiveCfg = Release
		{206B6933-D7E7-47C1-B5C0-C4AAB2640303}.Debug|Any CPU.ActiveCfg = Debug|Any CPU
		{206B6933-D7E7-47C1-B5C0-C4AAB2640303}.Debug|Any CPU.Build.0 = Debug|Any CPU
		{206B6933-D7E7-47C1-B5C0-C4AAB2640303}.Release|Any CPU.ActiveCfg = Release|Any CPU
		{206B6933-D7E7-47C1-B5C0-C4AAB2640303}.Release|Any CPU.Build.0 = Release|Any CPU
	EndGlobalSection
	GlobalSection(SolutionProperties) = preSolution
		HideSolutionNode = FALSE
	EndGlobalSection
	GlobalSection(ExtensibilityGlobals) = postSolution
		SolutionGuid = {A47D9E8E-F07F-42C7-B308-55743077691E}
	EndGlobalSection
EndGlobal
